
Microsoft Visual Studio Solution File, Format Version 12.00
# Visual Studio 14
VisualStudioVersion = 14.0.25123.0
MinimumVisualStudioVersion = 10.0.40219.1
Project("{FAE04EC0-301F-11D3-BF4B-00C04F79EFBC}") = "LightInject.NServiceBus", "LightInject.NServiceBus\LightInject.NServiceBus.csproj", "{8AFA0EA4-7BFF-4CD6-B533-F510DCEF916A}"
EndProject
Project("{FAE04EC0-301F-11D3-BF4B-00C04F79EFBC}") = "LightInject.NServiceBus.Tests", "LightInject.NServiceBus.Tests\LightInject.NServiceBus.Tests.csproj", "{F85EBB55-68DF-4413-906F-4BAF95E60A46}"
EndProject
Global
	GlobalSection(SolutionConfigurationPlatforms) = preSolution
		Debug|Any CPU = Debug|Any CPU
		Release|Any CPU = Release|Any CPU
	EndGlobalSection
	GlobalSection(ProjectConfigurationPlatforms) = postSolution
		{8AFA0EA4-7BFF-4CD6-B533-F510DCEF916A}.Debug|Any CPU.ActiveCfg = Debug|Any CPU
		{8AFA0EA4-7BFF-4CD6-B533-F510DCEF916A}.Debug|Any CPU.Build.0 = Debug|Any CPU
		{8AFA0EA4-7BFF-4CD6-B533-F510DCEF916A}.Release|Any CPU.ActiveCfg = Release|Any CPU
		{8AFA0EA4-7BFF-4CD6-B533-F510DCEF916A}.Release|Any CPU.Build.0 = Release|Any CPU
		{F85EBB55-68DF-4413-906F-4BAF95E60A46}.Debug|Any CPU.ActiveCfg = Debug|Any CPU
		{F85EBB55-68DF-4413-906F-4BAF95E60A46}.Debug|Any CPU.Build.0 = Debug|Any CPU
		{F85EBB55-68DF-4413-906F-4BAF95E60A46}.Release|Any CPU.ActiveCfg = Release|Any CPU
		{F85EBB55-68DF-4413-906F-4BAF95E60A46}.Release|Any CPU.Build.0 = Release|Any CPU
	EndGlobalSection
	GlobalSection(SolutionProperties) = preSolution
		HideSolutionNode = FALSE
	EndGlobalSection
EndGlobal
